
Microsoft Visual Studio Solution File, Format Version 12.00
# Visual Studio Version 17
VisualStudioVersion = 17.5.33530.505
MinimumVisualStudioVersion = 10.0.40219.1
Project("{9A19103F-16F7-4668-BE54-9A1E7A4F7556}") = "TCP-Server", "TCP-Server\TCP-Server.csproj", "{ECE4CE2D-BB9A-44EA-9AFC-1A396898C1FE}"
EndProject
Project("{FAE04EC0-301F-11D3-BF4B-00C04F79EFBC}") = "TCP-Client", "TCP-Client\TCP-Client.csproj", "{EC3451B8-E24E-420A-A3CB-FF3FE92FAB6D}"
EndProject
Global
	GlobalSection(SolutionConfigurationPlatforms) = preSolution
		Debug|Any CPU = Debug|Any CPU
		Release|Any CPU = Release|Any CPU
	EndGlobalSection
	GlobalSection(ProjectConfigurationPlatforms) = postSolution
		{ECE4CE2D-BB9A-44EA-9AFC-1A396898C1FE}.Debug|Any CPU.ActiveCfg = Debug|Any CPU
		{ECE4CE2D-BB9A-44EA-9AFC-1A396898C1FE}.Debug|Any CPU.Build.0 = Debug|Any CPU
		{ECE4CE2D-BB9A-44EA-9AFC-1A396898C1FE}.Release|Any CPU.ActiveCfg = Release|Any CPU
		{ECE4CE2D-BB9A-44EA-9AFC-1A396898C1FE}.Release|Any CPU.Build.0 = Release|Any CPU
		{EC3451B8-E24E-420A-A3CB-FF3FE92FAB6D}.Debug|Any CPU.ActiveCfg = Debug|Any CPU
		{EC3451B8-E24E-420A-A3CB-FF3FE92FAB6D}.Debug|Any CPU.Build.0 = Debug|Any CPU
		{EC3451B8-E24E-420A-A3CB-FF3FE92FAB6D}.Release|Any CPU.ActiveCfg = Release|Any CPU
		{EC3451B8-E24E-420A-A3CB-FF3FE92FAB6D}.Release|Any CPU.Build.0 = Release|Any CPU
	EndGlobalSection
	GlobalSection(SolutionProperties) = preSolution
		HideSolutionNode = FALSE
	EndGlobalSection
	GlobalSection(ExtensibilityGlobals) = postSolution
		SolutionGuid = {4557A3A9-062F-4474-AF63-68BE5EFA6FDE}
	EndGlobalSection
EndGlobal
